
Microsoft Visual Studio Solution File, Format Version 12.00
# Visual Studio Version 17
VisualStudioVersion = 17.2.32616.157
MinimumVisualStudioVersion = 10.0.40219.1
Project("{9A19103F-16F7-4668-BE54-9A1E7A4F7556}") = "ProjectWork", "ProjectWork\ProjectWork.csproj", "{1A8365F3-706D-4C86-9399-2D014F5D9445}"
EndProject
Global
	GlobalSection(SolutionConfigurationPlatforms) = preSolution
		Debug|Any CPU = Debug|Any CPU
		Release|Any CPU = Release|Any CPU
	EndGlobalSection
	GlobalSection(ProjectConfigurationPlatforms) = postSolution
		{1A8365F3-706D-4C86-9399-2D014F5D9445}.Debug|Any CPU.ActiveCfg = Debug|Any CPU
		{1A8365F3-706D-4C86-9399-2D014F5D9445}.Debug|Any CPU.Build.0 = Debug|Any CPU
		{1A8365F3-706D-4C86-9399-2D014F5D9445}.Release|Any CPU.ActiveCfg = Release|Any CPU
		{1A8365F3-706D-4C86-9399-2D014F5D9445}.Release|Any CPU.Build.0 = Release|Any CPU
	EndGlobalSection
	GlobalSection(SolutionProperties) = preSolution
		HideSolutionNode = FALSE
	EndGlobalSection
	GlobalSection(ExtensibilityGlobals) = postSolution
		SolutionGuid = {DEA0D0C7-0115-4EC6-BD05-453E12A00FC7}
	EndGlobalSection
EndGlobal
